
{
  "name": "juster-app",
  "version": "1.0.3",
  "lockfileVersion": 2,
  "requires": true,
  "packages": {
    "": {
      "name": "juster-app",
      "version": "1.0.3",
      "dependencies": {
        "@apollo/client": "^3.6.9",
        "@juster-finance/gql-client": "^0.0.8",
        "@juster-finance/sdk": "^0.0.7",
        "@taquito/taquito": "^13.0.1",
        "@vue/apollo-composable": "^4.0.0-alpha.18",
        "amplitude-js": "^8.19.0",
        "axios": "^0.27.2",
        "bignumber.js": "^9.0.2",
        "core-js": "^3.23.3",
        "d3": "^7.6.1",
        "graphql": "^16.5.0",
        "graphql-tag": "^2.12.6",
        "lodash": "^4.17.21",
        "luxon": "^2.4.0",
        "markdown-it": "^13.0.1",
        "pinia": "^2.0.14",
        "uuid": "^8.3.2",
        "vue": "^3.2.37",
        "vue-gtag": "^2.0.1",
        "vue-meta": "^2.4.0",
        "vue-router": "^4.1.1"
      },
      "devDependencies": {
        "@babel/core": "^7.18.10",
        "@babel/eslint-parser": "^7.18.9",
        "@vue/cli-plugin-babel": "^5.0.7",
        "@vue/cli-plugin-eslint": "^5.0.7",
        "@vue/cli-plugin-router": "^5.0.7",
        "@vue/cli-service": "^5.0.7",
        "@vue/compiler-sfc": "^3.2.37",
        "eslint": "^8.19.0",
        "eslint-plugin-vue": "^9.2.0"
      }
    },
    "node_modules/@achrinza/node-ipc": {
      "version": "9.2.5",
      "resolved": "https://registry.npmjs.org/@achrinza/node-ipc/-/node-ipc-9.2.5.tgz",
      "integrity": "sha512-kBX7Ay911iXZ3VZ1pYltj3Rfu7Ow9H7sK4H4RSfWIfWR2JKNB40K808wppoRIEzE2j2hXLU+r6TJgCAliCGhyQ==",
      "dev": true,
      "license": "MIT",
      "dependencies": {
        "@node-ipc/js-queue": "2.0.3",
        "event-pubsub": "4.3.0",
        "js-message": "1.0.7"
      },
      "engines": {
        "node": "8 || 9 || 10 || 11 || 12 || 13 || 14 || 15 || 16 || 17 || 18"
      }
    },
    "node_modules/@airgap/beacon-core": {
      "version": "3.1.3",
      "resolved": "https://registry.npmjs.org/@airgap/beacon-core/-/beacon-core-3.1.3.tgz",
      "integrity": "sha512-AU8VCS5DeK4aXLIeiW6ie377gwEXkuxDS+UiH60yID5VYGc4YgD+kTrjh0BawCJbQumj/+H5OphGl6n+XJX6Ww==",
      "license": "ISC",
      "dependencies": {
        "@airgap/beacon-types": "^3.1.3",
        "@airgap/beacon-utils": "^3.1.2",
        "@types/libsodium-wrappers": "0.7.9",
        "bs58check": "2.1.2",
        "libsodium-wrappers": "0.7.9"
      }
    },
    "node_modules/@airgap/beacon-dapp": {
      "version": "3.1.3",
      "resolved": "https://registry.npmjs.org/@airgap/beacon-dapp/-/beacon-dapp-3.1.3.tgz",
      "integrity": "sha512-iyXZK9VTL/YRxY2JQDJSWT1+wHuVJ28+JL5ArmQRoOlhEUTVSBKdtSYX34ojOSsqQEGUuW9MTLIM/0vrWQYR3Q==",
      "license": "ISC",
      "dependencies": {
        "@airgap/beacon-core": "^3.1.3",
        "@airgap/beacon-transport-matrix": "^3.1.3",
        "@airgap/beacon-transport-postmessage": "^3.1.3",
        "@airgap/beacon-ui": "^3.1.3",
        "qrcode-generator": "1.4.4"
      }
    },
    "node_modules/@airgap/beacon-transport-matrix": {
      "version": "3.1.3",
      "resolved": "https://registry.npmjs.org/@airgap/beacon-transport-matrix/-/beacon-transport-matrix-3.1.3.tgz",
      "integrity": "sha512-pbehQ4IfMU4lR5mkLTYU5QorrbMvxvOXiWisqziIG0XCAj7FwiZVx30ljT22vWiqygGSTrVGGTwUuhbqX6aKtA==",
      "license": "ISC",
      "dependencies": {
        "@airgap/beacon-core": "^3.1.3",
        "@airgap/beacon-utils": "^3.1.2",
        "axios": "0.24.0"
      }
    },
    "node_modules/@airgap/beacon-transport-matrix/node_modules/axios": {
      "version": "0.24.0",
      "resolved": "https://registry.npmjs.org/axios/-/axios-0.24.0.tgz",
      "integrity": "sha512-Q6cWsys88HoPgAaFAVUb0WpPk0O8iTeisR9IMqy9G8AbO4NlpVknrnQS03zzF9PGAWgO3cgletO3VjV/P7VztA==",
      "license": "MIT",
      "dependencies": {
        "follow-redirects": "^1.14.4"
      }
    },
    "node_modules/@airgap/beacon-transport-postmessage": {
      "version": "3.1.3",
      "resolved": "https://registry.npmjs.org/@airgap/beacon-transport-postmessage/-/beacon-transport-postmessage-3.1.3.tgz",
      "integrity": "sha512-Cv2Bjpvex5XZ1n9GVfi4iPA4l1hz8LcvBSec6iCEI0Ejjt8bYTPqJESZyxh5Z5A4VXG/gSSS2i1WhzzoyorbfA==",
      "license": "ISC",
      "dependencies": {
        "@airgap/beacon-core": "^3.1.3",
        "@airgap/beacon-types": "^3.1.3",
        "@airgap/beacon-utils": "^3.1.2",
        "@types/libsodium-wrappers": "0.7.9",
        "libsodium-wrappers": "0.7.9"
      }
    },
    "node_modules/@airgap/beacon-types": {
      "version": "3.1.3",
      "resolved": "https://registry.npmjs.org/@airgap/beacon-types/-/beacon-types-3.1.3.tgz",
      "integrity": "sha512-UCsba/Dut6cUrYIe2bnLlCOGsCyQOD/A4gQGdCuviLfqomMQv5m/XoJTtl9jKOlOIm2ytvyl8Z/zrNhK7SZMmA==",
      "license": "ISC",
      "dependencies": {
        "@types/chrome": "0.0.163"
      }
    },
    "node_modules/@airgap/beacon-ui": {
      "version": "3.1.3",
      "resolved": "https://registry.npmjs.org/@airgap/beacon-ui/-/beacon-ui-3.1.3.tgz",
      "integrity": "sha512-H6L9lynsn/JsjrKEBrN5lYr1S/d8l3aY48lciNfxJALOR1mOjVBn+tepKP/tVZPansvvf27/8yKwUTMVnp4Qwg==",
      "license": "ISC",
      "dependencies": {
        "@airgap/beacon-core": "^3.1.3",
        "@airgap/beacon-transport-postmessage": "^3.1.3",
        "@airgap/beacon-types": "^3.1.3",
        "@airgap/beacon-utils": "^3.1.2"
      }
    },
    "node_modules/@airgap/beacon-utils": {
      "version": "3.1.2",
      "resolved": "https://registry.npmjs.org/@airgap/beacon-utils/-/beacon-utils-3.1.2.tgz",
      "integrity": "sha512-kaDFDSes54Zn/cc6Pvk9BfrrvrLwqTPNuEg15uzAQkDRsZ8e/t7SZ7KTNytw2OJPI0qG792zvd5uJwSG8a0Jdg==",
      "license": "ISC",
      "dependencies": {
        "@types/libsodium-wrappers": "0.7.9",
        "bs58check": "2.1.2",
        "libsodium-wrappers": "0.7.9"
      }
    },
    "node_modules/@amplitude/analytics-connector": {
      "version": "1.4.4",
      "resolved": "https://registry.npmjs.org/@amplitude/analytics-connector/-/analytics-connector-1.4.4.tgz",
      "integrity": "sha512-6JcE1nxrprJt6pHqqDQb7FXRqJmFHG7KJPe0jNZaAvfll4mWKVqZu8W9IV3XiN1P+xgHIV1NN+i3PLOAZWEhXg==",
      "license": "MIT",
      "dependencies": {
        "@amplitude/ua-parser-js": "0.7.31"
      }
    },
    "node_modules/@amplitude/types": {
      "version": "1.10.0",
      "resolved": "https://registry.npmjs.org/@amplitude/types/-/types-1.10.0.tgz",
      "integrity": "sha512-xN0gnhutztv6kqHaZ2bre18anQV5GDmMXOeipTvI670g2VjNbPfOzMwu1LN4p1NadYq+GqYI223UcZrXR+R4Pw==",
      "license": "MIT",
      "engines": {
        "node": ">=10"
      }
    },
    "node_modules/@amplitude/ua-parser-js": {
      "version": "0.7.31",
      "resolved": "https://registry.npmjs.org/@amplitude/ua-parser-js/-/ua-parser-js-0.7.31.tgz",
      "integrity": "sha512-+z8UGRaj13Pt5NDzOnkTBy49HE2CX64jeL0ArB86HAtilpnfkPB7oqkigN7Lf2LxscMg4QhFD7mmCfedh3rqTg==",
      "funding": [
        {
          "type": "opencollective",
          "url": "https://opencollective.com/ua-parser-js"
        },
        {
          "type": "paypal",
          "url": "https://paypal.me/faisalman"
        }
      ],
      "license": "MIT",
      "engines": {
        "node": "*"
      }
    },
    "node_modules/@amplitude/utils": {
      "version": "1.10.0",
      "resolved": "https://registry.npmjs.org/@amplitude/utils/-/utils-1.10.0.tgz",
      "integrity": "sha512-/R8j8IzFH0GYfA6ehQDm5IEzt71gIeMdiYYFIzZp6grERQlgJcwNJMAiza0o2JwwTDIruzqdB3c/vLVjuakp+w==",
      "license": "MIT",
      "dependencies": {
        "@amplitude/types": "^1.10.0",
        "tslib": "^1.9.3"
      },
      "engines": {
        "node": ">=10"
      }
    },
    "node_modules/@amplitude/utils/node_modules/tslib": {
      "version": "1.14.1",
      "resolved": "https://registry.npmjs.org/tslib/-/tslib-1.14.1.tgz",
      "integrity": "sha512-Xni35NKzjgMrwevysHTCArtLDpPvye8zV/0E4EyYn43P7/7qvQwPh9BGkHewbMulVntbigmcT7rdX3BNo9wRJg==",
      "license": "0BSD"
    },
    "node_modules/@ampproject/remapping": {
      "version": "2.2.0",
      "resolved": "https://registry.npmjs.org/@ampproject/remapping/-/remapping-2.2.0.tgz",
      "integrity": "sha512-qRmjj8nj9qmLTQXXmaR1cck3UXSRMPrbsLJAasZpF+t3riI71BXed5ebIOYwQntykeZuhjsdweEc9BxH5Jc26w==",
      "dev": true,
      "license": "Apache-2.0",
      "dependencies": {
        "@jridgewell/gen-mapping": "^0.1.0",
        "@jridgewell/trace-mapping": "^0.3.9"
      },
      "engines": {
        "node": ">=6.0.0"
      }
    },
    "node_modules/@ampproject/remapping/node_modules/@jridgewell/gen-mapping": {
      "version": "0.1.1",
      "resolved": "https://registry.npmjs.org/@jridgewell/gen-mapping/-/gen-mapping-0.1.1.tgz",
      "integrity": "sha512-sQXCasFk+U8lWYEe66WxRDOE9PjVz4vSM51fTu3Hw+ClTpUSQb718772vH3pyS5pShp6lvQM7SxgIDXXXmOX7w==",
      "dev": true,
      "license": "MIT",
      "dependencies": {
        "@jridgewell/set-array": "^1.0.0",
        "@jridgewell/sourcemap-codec": "^1.4.10"
      },
      "engines": {
        "node": ">=6.0.0"
      }
    },