
# THIS IS AN AUTOGENERATED FILE. DO NOT EDIT THIS FILE DIRECTLY.
# yarn lockfile v1


"@achrinza/node-ipc@^9.2.5":
  version "9.2.5"
  resolved "https://registry.npmjs.org/@achrinza/node-ipc/-/node-ipc-9.2.5.tgz"
  integrity sha512-kBX7Ay911iXZ3VZ1pYltj3Rfu7Ow9H7sK4H4RSfWIfWR2JKNB40K808wppoRIEzE2j2hXLU+r6TJgCAliCGhyQ==
  dependencies:
    "@node-ipc/js-queue" "2.0.3"
    event-pubsub "4.3.0"
    js-message "1.0.7"

"@airgap/beacon-core@^3.1.3":
  version "3.1.3"
  resolved "https://registry.npmjs.org/@airgap/beacon-core/-/beacon-core-3.1.3.tgz"
  integrity sha512-AU8VCS5DeK4aXLIeiW6ie377gwEXkuxDS+UiH60yID5VYGc4YgD+kTrjh0BawCJbQumj/+H5OphGl6n+XJX6Ww==
  dependencies:
    "@airgap/beacon-types" "^3.1.3"
    "@airgap/beacon-utils" "^3.1.2"
    "@types/libsodium-wrappers" "0.7.9"
    bs58check "2.1.2"
    libsodium-wrappers "0.7.9"

"@airgap/beacon-dapp@^3.0.0":
  version "3.1.3"
  resolved "https://registry.npmjs.org/@airgap/beacon-dapp/-/beacon-dapp-3.1.3.tgz"
  integrity sha512-iyXZK9VTL/YRxY2JQDJSWT1+wHuVJ28+JL5ArmQRoOlhEUTVSBKdtSYX34ojOSsqQEGUuW9MTLIM/0vrWQYR3Q==
  dependencies:
    "@airgap/beacon-core" "^3.1.3"
    "@airgap/beacon-transport-matrix" "^3.1.3"
    "@airgap/beacon-transport-postmessage" "^3.1.3"
    "@airgap/beacon-ui" "^3.1.3"
    qrcode-generator "1.4.4"

"@airgap/beacon-transport-matrix@^3.1.3":
  version "3.1.3"
  resolved "https://registry.npmjs.org/@airgap/beacon-transport-matrix/-/beacon-transport-matrix-3.1.3.tgz"
  integrity sha512-pbehQ4IfMU4lR5mkLTYU5QorrbMvxvOXiWisqziIG0XCAj7FwiZVx30ljT22vWiqygGSTrVGGTwUuhbqX6aKtA==
  dependencies:
    "@airgap/beacon-core" "^3.1.3"
    "@airgap/beacon-utils" "^3.1.2"
    axios "0.24.0"

"@airgap/beacon-transport-postmessage@^3.1.3":
  version "3.1.3"
  resolved "https://registry.npmjs.org/@airgap/beacon-transport-postmessage/-/beacon-transport-postmessage-3.1.3.tgz"
  integrity sha512-Cv2Bjpvex5XZ1n9GVfi4iPA4l1hz8LcvBSec6iCEI0Ejjt8bYTPqJESZyxh5Z5A4VXG/gSSS2i1WhzzoyorbfA==
  dependencies:
    "@airgap/beacon-core" "^3.1.3"
    "@airgap/beacon-types" "^3.1.3"
    "@airgap/beacon-utils" "^3.1.2"
    "@types/libsodium-wrappers" "0.7.9"
    libsodium-wrappers "0.7.9"

"@airgap/beacon-types@^3.1.3":
  version "3.1.3"
  resolved "https://registry.npmjs.org/@airgap/beacon-types/-/beacon-types-3.1.3.tgz"
  integrity sha512-UCsba/Dut6cUrYIe2bnLlCOGsCyQOD/A4gQGdCuviLfqomMQv5m/XoJTtl9jKOlOIm2ytvyl8Z/zrNhK7SZMmA==
  dependencies:
    "@types/chrome" "0.0.163"

"@airgap/beacon-ui@^3.1.3":
  version "3.1.3"
  resolved "https://registry.npmjs.org/@airgap/beacon-ui/-/beacon-ui-3.1.3.tgz"
  integrity sha512-H6L9lynsn/JsjrKEBrN5lYr1S/d8l3aY48lciNfxJALOR1mOjVBn+tepKP/tVZPansvvf27/8yKwUTMVnp4Qwg==
  dependencies:
    "@airgap/beacon-core" "^3.1.3"
    "@airgap/beacon-transport-postmessage" "^3.1.3"
    "@airgap/beacon-types" "^3.1.3"
    "@airgap/beacon-utils" "^3.1.2"

"@airgap/beacon-utils@^3.1.2":
  version "3.1.2"
  resolved "https://registry.npmjs.org/@airgap/beacon-utils/-/beacon-utils-3.1.2.tgz"
  integrity sha512-kaDFDSes54Zn/cc6Pvk9BfrrvrLwqTPNuEg15uzAQkDRsZ8e/t7SZ7KTNytw2OJPI0qG792zvd5uJwSG8a0Jdg==
  dependencies:
    "@types/libsodium-wrappers" "0.7.9"
    bs58check "2.1.2"
    libsodium-wrappers "0.7.9"

"@amplitude/analytics-connector@1.4.4":
  version "1.4.4"
  resolved "https://registry.npmjs.org/@amplitude/analytics-connector/-/analytics-connector-1.4.4.tgz"
  integrity sha512-6JcE1nxrprJt6pHqqDQb7FXRqJmFHG7KJPe0jNZaAvfll4mWKVqZu8W9IV3XiN1P+xgHIV1NN+i3PLOAZWEhXg==
  dependencies:
    "@amplitude/ua-parser-js" "0.7.31"

"@amplitude/types@^1.10.0":
  version "1.10.0"
  resolved "https://registry.npmjs.org/@amplitude/types/-/types-1.10.0.tgz"
  integrity sha512-xN0gnhutztv6kqHaZ2bre18anQV5GDmMXOeipTvI670g2VjNbPfOzMwu1LN4p1NadYq+GqYI223UcZrXR+R4Pw==

"@amplitude/ua-parser-js@0.7.31":
  version "0.7.31"
  resolved "https://registry.npmjs.org/@amplitude/ua-parser-js/-/ua-parser-js-0.7.31.tgz"
  integrity sha512-+z8UGRaj13Pt5NDzOnkTBy49HE2CX64jeL0ArB86HAtilpnfkPB7oqkigN7Lf2LxscMg4QhFD7mmCfedh3rqTg==

"@amplitude/utils@^1.0.5":
  version "1.10.0"
  resolved "https://registry.npmjs.org/@amplitude/utils/-/utils-1.10.0.tgz"
  integrity sha512-/R8j8IzFH0GYfA6ehQDm5IEzt71gIeMdiYYFIzZp6grERQlgJcwNJMAiza0o2JwwTDIruzqdB3c/vLVjuakp+w==
  dependencies:
    "@amplitude/types" "^1.10.0"
    tslib "^1.9.3"

"@ampproject/remapping@^2.1.0":
  version "2.2.0"
  resolved "https://registry.npmjs.org/@ampproject/remapping/-/remapping-2.2.0.tgz"
  integrity sha512-qRmjj8nj9qmLTQXXmaR1cck3UXSRMPrbsLJAasZpF+t3riI71BXed5ebIOYwQntykeZuhjsdweEc9BxH5Jc26w==
  dependencies:
    "@jridgewell/gen-mapping" "^0.1.0"
    "@jridgewell/trace-mapping" "^0.3.9"

"@apollo/client@^3.6.9":
  version "3.6.9"
  resolved "https://registry.npmjs.org/@apollo/client/-/client-3.6.9.tgz"
  integrity sha512-Y1yu8qa2YeaCUBVuw08x8NHenFi0sw2I3KCu7Kw9mDSu86HmmtHJkCAifKVrN2iPgDTW/BbP3EpSV8/EQCcxZA==
  dependencies:
    "@graphql-typed-document-node/core" "^3.1.1"
    "@wry/context" "^0.6.0"
    "@wry/equality" "^0.5.0"
    "@wry/trie" "^0.3.0"
    graphql-tag "^2.12.6"
    hoist-non-react-statics "^3.3.2"
    optimism "^0.16.1"
    prop-types "^15.7.2"
    symbol-observable "^4.0.0"
    ts-invariant "^0.10.3"
    tslib "^2.3.0"
    zen-observable-ts "^1.2.5"

"@babel/code-frame@^7.0.0", "@babel/code-frame@^7.18.6":
  version "7.18.6"
  resolved "https://registry.npmjs.org/@babel/code-frame/-/code-frame-7.18.6.tgz"
  integrity sha512-TDCmlK5eOvH+eH7cdAFlNXeVJqWIQ7gW9tY1GJIpUtFb6CmjVyq2VM3u71bOyR8CRihcCgMUYoDNyLXao3+70Q==
  dependencies:
    "@babel/highlight" "^7.18.6"

"@babel/compat-data@^7.13.11", "@babel/compat-data@^7.18.6", "@babel/compat-data@^7.18.8":
  version "7.18.8"
  resolved "https://registry.npmjs.org/@babel/compat-data/-/compat-data-7.18.8.tgz"
  integrity sha512-HSmX4WZPPK3FUxYp7g2T6EyO8j96HlZJlxmKPSh6KAcqwyDrfx7hKjXpAW/0FhFfTJsR0Yt4lAjLI2coMptIHQ==

"@babel/core@^7.12.16", "@babel/core@^7.18.10":
  version "7.18.10"
  resolved "https://registry.npmjs.org/@babel/core/-/core-7.18.10.tgz"
  integrity sha512-JQM6k6ENcBFKVtWvLavlvi/mPcpYZ3+R+2EySDEMSMbp7Mn4FexlbbJVrx2R7Ijhr01T8gyqrOaABWIOgxeUyw==
  dependencies:
    "@ampproject/remapping" "^2.1.0"
    "@babel/code-frame" "^7.18.6"
    "@babel/generator" "^7.18.10"
    "@babel/helper-compilation-targets" "^7.18.9"
    "@babel/helper-module-transforms" "^7.18.9"
    "@babel/helpers" "^7.18.9"
    "@babel/parser" "^7.18.10"
    "@babel/template" "^7.18.10"
    "@babel/traverse" "^7.18.10"
    "@babel/types" "^7.18.10"
    convert-source-map "^1.7.0"
    debug "^4.1.0"
    gensync "^1.0.0-beta.2"
    json5 "^2.2.1"
    semver "^6.3.0"

"@babel/eslint-parser@^7.18.9":
  version "7.18.9"
  resolved "https://registry.npmjs.org/@babel/eslint-parser/-/eslint-parser-7.18.9.tgz"
  integrity sha512-KzSGpMBggz4fKbRbWLNyPVTuQr6cmCcBhOyXTw/fieOVaw5oYAwcAj4a7UKcDYCPxQq+CG1NCDZH9e2JTXquiQ==
  dependencies:
    eslint-scope "^5.1.1"
    eslint-visitor-keys "^2.1.0"
    semver "^6.3.0"

"@babel/generator@^7.18.10":
  version "7.18.10"
  resolved "https://registry.npmjs.org/@babel/generator/-/generator-7.18.10.tgz"
  integrity sha512-0+sW7e3HjQbiHbj1NeU/vN8ornohYlacAfZIaXhdoGweQqgcNy69COVciYYqEXJ/v+9OBA7Frxm4CVAuNqKeNA==
  dependencies:
    "@babel/types" "^7.18.10"
    "@jridgewell/gen-mapping" "^0.3.2"
    jsesc "^2.5.1"

"@babel/helper-annotate-as-pure@^7.18.6":
  version "7.18.6"
  resolved "https://registry.npmjs.org/@babel/helper-annotate-as-pure/-/helper-annotate-as-pure-7.18.6.tgz"
  integrity sha512-duORpUiYrEpzKIop6iNbjnwKLAKnJ47csTyRACyEmWj0QdUrm5aqNJGHSSEQSUAvNW0ojX0dOmK9dZduvkfeXA==
  dependencies:
    "@babel/types" "^7.18.6"

"@babel/helper-builder-binary-assignment-operator-visitor@^7.18.6":
  version "7.18.6"
  resolved "https://registry.npmjs.org/@babel/helper-builder-binary-assignment-operator-visitor/-/helper-builder-binary-assignment-operator-visitor-7.18.6.tgz"
  integrity sha512-KT10c1oWEpmrIRYnthbzHgoOf6B+Xd6a5yhdbNtdhtG7aO1or5HViuf1TQR36xY/QprXA5nvxO6nAjhJ4y38jw==
  dependencies:
    "@babel/helper-explode-assignable-expression" "^7.18.6"
    "@babel/types" "^7.18.6"

"@babel/helper-compilation-targets@^7.12.16", "@babel/helper-compilation-targets@^7.13.0", "@babel/helper-compilation-targets@^7.18.6", "@babel/helper-compilation-targets@^7.18.9":
  version "7.18.9"
  resolved "https://registry.npmjs.org/@babel/helper-compilation-targets/-/helper-compilation-targets-7.18.9.tgz"
  integrity sha512-tzLCyVmqUiFlcFoAPLA/gL9TeYrF61VLNtb+hvkuVaB5SUjW7jcfrglBIX1vUIoT7CLP3bBlIMeyEsIl2eFQNg==
  dependencies:
    "@babel/compat-data" "^7.18.8"
    "@babel/helper-validator-option" "^7.18.6"
    browserslist "^4.20.2"
    semver "^6.3.0"

"@babel/helper-create-class-features-plugin@^7.18.6":
  version "7.18.6"
  resolved "https://registry.npmjs.org/@babel/helper-create-class-features-plugin/-/helper-create-class-features-plugin-7.18.6.tgz"
  integrity sha512-YfDzdnoxHGV8CzqHGyCbFvXg5QESPFkXlHtvdCkesLjjVMT2Adxe4FGUR5ChIb3DxSaXO12iIOCWoXdsUVwnqw==
  dependencies:
    "@babel/helper-annotate-as-pure" "^7.18.6"
    "@babel/helper-environment-visitor" "^7.18.6"
    "@babel/helper-function-name" "^7.18.6"
    "@babel/helper-member-expression-to-functions" "^7.18.6"
    "@babel/helper-optimise-call-expression" "^7.18.6"
    "@babel/helper-replace-supers" "^7.18.6"
    "@babel/helper-split-export-declaration" "^7.18.6"

"@babel/helper-create-regexp-features-plugin@^7.18.6":
  version "7.18.6"
  resolved "https://registry.npmjs.org/@babel/helper-create-regexp-features-plugin/-/helper-create-regexp-features-plugin-7.18.6.tgz"
  integrity sha512-7LcpH1wnQLGrI+4v+nPp+zUvIkF9x0ddv1Hkdue10tg3gmRnLy97DXh4STiOf1qeIInyD69Qv5kKSZzKD8B/7A==
  dependencies:
    "@babel/helper-annotate-as-pure" "^7.18.6"
    regexpu-core "^5.1.0"

"@babel/helper-define-polyfill-provider@^0.3.1":
  version "0.3.1"
  resolved "https://registry.npmjs.org/@babel/helper-define-polyfill-provider/-/helper-define-polyfill-provider-0.3.1.tgz"
  integrity sha512-J9hGMpJQmtWmj46B3kBHmL38UhJGhYX7eqkcq+2gsstyYt341HmPeWspihX43yVRA0mS+8GGk2Gckc7bY/HCmA==
  dependencies:
    "@babel/helper-compilation-targets" "^7.13.0"
    "@babel/helper-module-imports" "^7.12.13"
    "@babel/helper-plugin-utils" "^7.13.0"
    "@babel/traverse" "^7.13.0"
    debug "^4.1.1"
    lodash.debounce "^4.0.8"
    resolve "^1.14.2"
    semver "^6.1.2"

"@babel/helper-environment-visitor@^7.18.6", "@babel/helper-environment-visitor@^7.18.9":
  version "7.18.9"
  resolved "https://registry.npmjs.org/@babel/helper-environment-visitor/-/helper-environment-visitor-7.18.9.tgz"
  integrity sha512-3r/aACDJ3fhQ/EVgFy0hpj8oHyHpQc+LPtJoY9SzTThAsStm4Ptegq92vqKoE3vD706ZVFWITnMnxucw+S9Ipg==

"@babel/helper-explode-assignable-expression@^7.18.6":
  version "7.18.6"
  resolved "https://registry.npmjs.org/@babel/helper-explode-assignable-expression/-/helper-explode-assignable-expression-7.18.6.tgz"
  integrity sha512-eyAYAsQmB80jNfg4baAtLeWAQHfHFiR483rzFK+BhETlGZaQC9bsfrugfXDCbRHLQbIA7U5NxhhOxN7p/dWIcg==
  dependencies:
    "@babel/types" "^7.18.6"

"@babel/helper-function-name@^7.18.6", "@babel/helper-function-name@^7.18.9":
  version "7.18.9"
  resolved "https://registry.npmjs.org/@babel/helper-function-name/-/helper-function-name-7.18.9.tgz"
  integrity sha512-fJgWlZt7nxGksJS9a0XdSaI4XvpExnNIgRP+rVefWh5U7BL8pPuir6SJUmFKRfjWQ51OtWSzwOxhaH/EBWWc0A==
  dependencies:
    "@babel/template" "^7.18.6"
    "@babel/types" "^7.18.9"

"@babel/helper-hoist-variables@^7.18.6":
  version "7.18.6"
  resolved "https://registry.npmjs.org/@babel/helper-hoist-variables/-/helper-hoist-variables-7.18.6.tgz"
  integrity sha512-UlJQPkFqFULIcyW5sbzgbkxn2FKRgwWiRexcuaR8RNJRy8+LLveqPjwZV/bwrLZCN0eUHD/x8D0heK1ozuoo6Q==
  dependencies:
    "@babel/types" "^7.18.6"

"@babel/helper-member-expression-to-functions@^7.18.6":
  version "7.18.6"
  resolved "https://registry.npmjs.org/@babel/helper-member-expression-to-functions/-/helper-member-expression-to-functions-7.18.6.tgz"
  integrity sha512-CeHxqwwipekotzPDUuJOfIMtcIHBuc7WAzLmTYWctVigqS5RktNMQ5bEwQSuGewzYnCtTWa3BARXeiLxDTv+Ng==
  dependencies:
    "@babel/types" "^7.18.6"

"@babel/helper-module-imports@^7.0.0", "@babel/helper-module-imports@^7.12.13", "@babel/helper-module-imports@^7.18.6":
  version "7.18.6"
  resolved "https://registry.npmjs.org/@babel/helper-module-imports/-/helper-module-imports-7.18.6.tgz"
  integrity sha512-0NFvs3VkuSYbFi1x2Vd6tKrywq+z/cLeYC/RJNFrIX/30Bf5aiGYbtvGXolEktzJH8o5E5KJ3tT+nkxuuZFVlA==
  dependencies:
    "@babel/types" "^7.18.6"

"@babel/helper-module-transforms@^7.18.6", "@babel/helper-module-transforms@^7.18.9":
  version "7.18.9"
  resolved "https://registry.npmjs.org/@babel/helper-module-transforms/-/helper-module-transforms-7.18.9.tgz"
  integrity sha512-KYNqY0ICwfv19b31XzvmI/mfcylOzbLtowkw+mfvGPAQ3kfCnMLYbED3YecL5tPd8nAYFQFAd6JHp2LxZk/J1g==
  dependencies:
    "@babel/helper-environment-visitor" "^7.18.9"
    "@babel/helper-module-imports" "^7.18.6"
    "@babel/helper-simple-access" "^7.18.6"
    "@babel/helper-split-export-declaration" "^7.18.6"
    "@babel/helper-validator-identifier" "^7.18.6"
    "@babel/template" "^7.18.6"
    "@babel/traverse" "^7.18.9"
    "@babel/types" "^7.18.9"

"@babel/helper-optimise-call-expression@^7.18.6":
  version "7.18.6"
  resolved "https://registry.npmjs.org/@babel/helper-optimise-call-expression/-/helper-optimise-call-expression-7.18.6.tgz"
  integrity sha512-HP59oD9/fEHQkdcbgFCnbmgH5vIQTJbxh2yf+CdM89/glUNnuzr87Q8GIjGEnOktTROemO0Pe0iPAYbqZuOUiA==
  dependencies:
    "@babel/types" "^7.18.6"

"@babel/helper-plugin-utils@^7.0.0", "@babel/helper-plugin-utils@^7.10.4", "@babel/helper-plugin-utils@^7.12.13", "@babel/helper-plugin-utils@^7.13.0", "@babel/helper-plugin-utils@^7.14.5", "@babel/helper-plugin-utils@^7.18.6", "@babel/helper-plugin-utils@^7.8.0", "@babel/helper-plugin-utils@^7.8.3":
  version "7.18.6"
  resolved "https://registry.npmjs.org/@babel/helper-plugin-utils/-/helper-plugin-utils-7.18.6.tgz"
  integrity sha512-gvZnm1YAAxh13eJdkb9EWHBnF3eAub3XTLCZEehHT2kWxiKVRL64+ae5Y6Ivne0mVHmMYKT+xWgZO+gQhuLUBg==

"@babel/helper-remap-async-to-generator@^7.18.6":
  version "7.18.6"
  resolved "https://registry.npmjs.org/@babel/helper-remap-async-to-generator/-/helper-remap-async-to-generator-7.18.6.tgz"
  integrity sha512-z5wbmV55TveUPZlCLZvxWHtrjuJd+8inFhk7DG0WW87/oJuGDcjDiu7HIvGcpf5464L6xKCg3vNkmlVVz9hwyQ==
  dependencies:
    "@babel/helper-annotate-as-pure" "^7.18.6"
    "@babel/helper-environment-visitor" "^7.18.6"
    "@babel/helper-wrap-function" "^7.18.6"
    "@babel/types" "^7.18.6"

"@babel/helper-replace-supers@^7.18.6":
  version "7.18.6"
  resolved "https://registry.npmjs.org/@babel/helper-replace-supers/-/helper-replace-supers-7.18.6.tgz"
  integrity sha512-fTf7zoXnUGl9gF25fXCWE26t7Tvtyn6H4hkLSYhATwJvw2uYxd3aoXplMSe0g9XbwK7bmxNes7+FGO0rB/xC0g==
  dependencies:
    "@babel/helper-environment-visitor" "^7.18.6"
    "@babel/helper-member-expression-to-functions" "^7.18.6"
    "@babel/helper-optimise-call-expression" "^7.18.6"
    "@babel/traverse" "^7.18.6"
    "@babel/types" "^7.18.6"

"@babel/helper-simple-access@^7.18.6":
  version "7.18.6"
  resolved "https://registry.npmjs.org/@babel/helper-simple-access/-/helper-simple-access-7.18.6.tgz"
  integrity sha512-iNpIgTgyAvDQpDj76POqg+YEt8fPxx3yaNBg3S30dxNKm2SWfYhD0TGrK/Eu9wHpUW63VQU894TsTg+GLbUa1g==
  dependencies:
    "@babel/types" "^7.18.6"

"@babel/helper-skip-transparent-expression-wrappers@^7.18.6":
  version "7.18.6"
  resolved "https://registry.npmjs.org/@babel/helper-skip-transparent-expression-wrappers/-/helper-skip-transparent-expression-wrappers-7.18.6.tgz"
  integrity sha512-4KoLhwGS9vGethZpAhYnMejWkX64wsnHPDwvOsKWU6Fg4+AlK2Jz3TyjQLMEPvz+1zemi/WBdkYxCD0bAfIkiw==
  dependencies:
    "@babel/types" "^7.18.6"

"@babel/helper-split-export-declaration@^7.18.6":
  version "7.18.6"
  resolved "https://registry.npmjs.org/@babel/helper-split-export-declaration/-/helper-split-export-declaration-7.18.6.tgz"
  integrity sha512-bde1etTx6ZyTmobl9LLMMQsaizFVZrquTEHOqKeQESMKo4PlObf+8+JA25ZsIpZhT/WEd39+vOdLXAFG/nELpA==
  dependencies:
    "@babel/types" "^7.18.6"

"@babel/helper-string-parser@^7.18.10":
  version "7.18.10"
  resolved "https://registry.npmjs.org/@babel/helper-string-parser/-/helper-string-parser-7.18.10.tgz"
  integrity sha512-XtIfWmeNY3i4t7t4D2t02q50HvqHybPqW2ki1kosnvWCwuCMeo81Jf0gwr85jy/neUdg5XDdeFE/80DXiO+njw==

"@babel/helper-validator-identifier@^7.18.6":
  version "7.18.6"
  resolved "https://registry.npmjs.org/@babel/helper-validator-identifier/-/helper-validator-identifier-7.18.6.tgz"
  integrity sha512-MmetCkz9ej86nJQV+sFCxoGGrUbU3q02kgLciwkrt9QqEB7cP39oKEY0PakknEO0Gu20SskMRi+AYZ3b1TpN9g==

"@babel/helper-validator-option@^7.18.6":
  version "7.18.6"
  resolved "https://registry.npmjs.org/@babel/helper-validator-option/-/helper-validator-option-7.18.6.tgz"
  integrity sha512-XO7gESt5ouv/LRJdrVjkShckw6STTaB7l9BrpBaAHDeF5YZT+01PCwmR0SJHnkW6i8OwW/EVWRShfi4j2x+KQw==

"@babel/helper-wrap-function@^7.18.6":
  version "7.18.6"
  resolved "https://registry.npmjs.org/@babel/helper-wrap-function/-/helper-wrap-function-7.18.6.tgz"
  integrity sha512-I5/LZfozwMNbwr/b1vhhuYD+J/mU+gfGAj5td7l5Rv9WYmH6i3Om69WGKNmlIpsVW/mF6O5bvTKbvDQZVgjqOw==
  dependencies:
    "@babel/helper-function-name" "^7.18.6"
    "@babel/template" "^7.18.6"
    "@babel/traverse" "^7.18.6"
    "@babel/types" "^7.18.6"

"@babel/helpers@^7.18.9":
  version "7.18.9"
  resolved "https://registry.npmjs.org/@babel/helpers/-/helpers-7.18.9.tgz"
  integrity sha512-Jf5a+rbrLoR4eNdUmnFu8cN5eNJT6qdTdOg5IHIzq87WwyRw9PwguLFOWYgktN/60IP4fgDUawJvs7PjQIzELQ==
  dependencies:
    "@babel/template" "^7.18.6"
    "@babel/traverse" "^7.18.9"
    "@babel/types" "^7.18.9"

"@babel/highlight@^7.18.6":
  version "7.18.6"
  resolved "https://registry.npmjs.org/@babel/highlight/-/highlight-7.18.6.tgz"
  integrity sha512-u7stbOuYjaPezCuLj29hNW1v64M2Md2qupEKP1fHc7WdOA3DgLh37suiSrZYY7haUB7iBeQZ9P1uiRF359do3g==
  dependencies:
    "@babel/helper-validator-identifier" "^7.18.6"
    chalk "^2.0.0"
    js-tokens "^4.0.0"

"@babel/parser@^7.16.4", "@babel/parser@^7.18.10":
  version "7.18.10"
  resolved "https://registry.npmjs.org/@babel/parser/-/parser-7.18.10.tgz"
  integrity sha512-TYk3OA0HKL6qNryUayb5UUEhM/rkOQozIBEA5ITXh5DWrSp0TlUQXMyZmnWxG/DizSWBeeQ0Zbc5z8UGaaqoeg==

"@babel/plugin-bugfix-safari-id-destructuring-collision-in-function-expression@^7.18.6":
  version "7.18.6"
  resolved "https://registry.npmjs.org/@babel/plugin-bugfix-safari-id-destructuring-collision-in-function-expression/-/plugin-bugfix-safari-id-destructuring-collision-in-function-expression-7.18.6.tgz"
  integrity sha512-Dgxsyg54Fx1d4Nge8UnvTrED63vrwOdPmyvPzlNN/boaliRP54pm3pGzZD1SJUwrBA+Cs/xdG8kXX6Mn/RfISQ==
  dependencies:
    "@babel/helper-plugin-utils" "^7.18.6"

"@babel/plugin-bugfix-v8-spread-parameters-in-optional-chaining@^7.18.6":
  version "7.18.6"
  resolved "https://registry.npmjs.org/@babel/plugin-bugfix-v8-spread-parameters-in-optional-chaining/-/plugin-bugfix-v8-spread-parameters-in-optional-chaining-7.18.6.tgz"
  integrity sha512-Udgu8ZRgrBrttVz6A0EVL0SJ1z+RLbIeqsu632SA1hf0awEppD6TvdznoH+orIF8wtFFAV/Enmw9Y+9oV8TQcw==
  dependencies:
    "@babel/helper-plugin-utils" "^7.18.6"
    "@babel/helper-skip-transparent-expression-wrappers" "^7.18.6"
    "@babel/plugin-proposal-optional-chaining" "^7.18.6"

"@babel/plugin-proposal-async-generator-functions@^7.18.6":
  version "7.18.6"
  resolved "https://registry.npmjs.org/@babel/plugin-proposal-async-generator-functions/-/plugin-proposal-async-generator-functions-7.18.6.tgz"
  integrity sha512-WAz4R9bvozx4qwf74M+sfqPMKfSqwM0phxPTR6iJIi8robgzXwkEgmeJG1gEKhm6sDqT/U9aV3lfcqybIpev8w==
  dependencies:
    "@babel/helper-environment-visitor" "^7.18.6"
    "@babel/helper-plugin-utils" "^7.18.6"
    "@babel/helper-remap-async-to-generator" "^7.18.6"
    "@babel/plugin-syntax-async-generators" "^7.8.4"

"@babel/plugin-proposal-class-properties@^7.12.13", "@babel/plugin-proposal-class-properties@^7.18.6":
  version "7.18.6"
  resolved "https://registry.npmjs.org/@babel/plugin-proposal-class-properties/-/plugin-proposal-class-properties-7.18.6.tgz"
  integrity sha512-cumfXOF0+nzZrrN8Rf0t7M+tF6sZc7vhQwYQck9q1/5w2OExlD+b4v4RpMJFaV1Z7WcDRgO6FqvxqxGlwo+RHQ==
  dependencies:
    "@babel/helper-create-class-features-plugin" "^7.18.6"
    "@babel/helper-plugin-utils" "^7.18.6"

"@babel/plugin-proposal-class-static-block@^7.18.6":
  version "7.18.6"
  resolved "https://registry.npmjs.org/@babel/plugin-proposal-class-static-block/-/plugin-proposal-class-static-block-7.18.6.tgz"
  integrity sha512-+I3oIiNxrCpup3Gi8n5IGMwj0gOCAjcJUSQEcotNnCCPMEnixawOQ+KeJPlgfjzx+FKQ1QSyZOWe7wmoJp7vhw==
  dependencies:
    "@babel/helper-create-class-features-plugin" "^7.18.6"
    "@babel/helper-plugin-utils" "^7.18.6"
    "@babel/plugin-syntax-class-static-block" "^7.14.5"

"@babel/plugin-proposal-decorators@^7.12.13":
  version "7.18.6"
  resolved "https://registry.npmjs.org/@babel/plugin-proposal-decorators/-/plugin-proposal-decorators-7.18.6.tgz"
  integrity sha512-gAdhsjaYmiZVxx5vTMiRfj31nB7LhwBJFMSLzeDxc7X4tKLixup0+k9ughn0RcpBrv9E3PBaXJW7jF5TCihAOg==
  dependencies:
    "@babel/helper-create-class-features-plugin" "^7.18.6"
    "@babel/helper-plugin-utils" "^7.18.6"
    "@babel/helper-replace-supers" "^7.18.6"
    "@babel/helper-split-export-declaration" "^7.18.6"
    "@babel/plugin-syntax-decorators" "^7.18.6"

"@babel/plugin-proposal-dynamic-import@^7.18.6":
  version "7.18.6"
  resolved "https://registry.npmjs.org/@babel/plugin-proposal-dynamic-import/-/plugin-proposal-dynamic-import-7.18.6.tgz"
  integrity sha512-1auuwmK+Rz13SJj36R+jqFPMJWyKEDd7lLSdOj4oJK0UTgGueSAtkrCvz9ewmgyU/P941Rv2fQwZJN8s6QruXw==
  dependencies:
    "@babel/helper-plugin-utils" "^7.18.6"
    "@babel/plugin-syntax-dynamic-import" "^7.8.3"

"@babel/plugin-proposal-export-namespace-from@^7.18.6":
  version "7.18.6"
  resolved "https://registry.npmjs.org/@babel/plugin-proposal-export-namespace-from/-/plugin-proposal-export-namespace-from-7.18.6.tgz"
  integrity sha512-zr/QcUlUo7GPo6+X1wC98NJADqmy5QTFWWhqeQWiki4XHafJtLl/YMGkmRB2szDD2IYJCCdBTd4ElwhId9T7Xw==
  dependencies:
    "@babel/helper-plugin-utils" "^7.18.6"
    "@babel/plugin-syntax-export-namespace-from" "^7.8.3"

"@babel/plugin-proposal-json-strings@^7.18.6":
  version "7.18.6"
  resolved "https://registry.npmjs.org/@babel/plugin-proposal-json-strings/-/plugin-proposal-json-strings-7.18.6.tgz"
  integrity sha512-lr1peyn9kOdbYc0xr0OdHTZ5FMqS6Di+H0Fz2I/JwMzGmzJETNeOFq2pBySw6X/KFL5EWDjlJuMsUGRFb8fQgQ==
  dependencies:
    "@babel/helper-plugin-utils" "^7.18.6"
    "@babel/plugin-syntax-json-strings" "^7.8.3"

"@babel/plugin-proposal-logical-assignment-operators@^7.18.6":
  version "7.18.6"
  resolved "https://registry.npmjs.org/@babel/plugin-proposal-logical-assignment-operators/-/plugin-proposal-logical-assignment-operators-7.18.6.tgz"
  integrity sha512-zMo66azZth/0tVd7gmkxOkOjs2rpHyhpcFo565PUP37hSp6hSd9uUKIfTDFMz58BwqgQKhJ9YxtM5XddjXVn+Q==
  dependencies:
    "@babel/helper-plugin-utils" "^7.18.6"
    "@babel/plugin-syntax-logical-assignment-operators" "^7.10.4"

"@babel/plugin-proposal-nullish-coalescing-operator@^7.18.6":
  version "7.18.6"
  resolved "https://registry.npmjs.org/@babel/plugin-proposal-nullish-coalescing-operator/-/plugin-proposal-nullish-coalescing-operator-7.18.6.tgz"
  integrity sha512-wQxQzxYeJqHcfppzBDnm1yAY0jSRkUXR2z8RePZYrKwMKgMlE8+Z6LUno+bd6LvbGh8Gltvy74+9pIYkr+XkKA==
  dependencies:
    "@babel/helper-plugin-utils" "^7.18.6"
    "@babel/plugin-syntax-nullish-coalescing-operator" "^7.8.3"

"@babel/plugin-proposal-numeric-separator@^7.18.6":
  version "7.18.6"
  resolved "https://registry.npmjs.org/@babel/plugin-proposal-numeric-separator/-/plugin-proposal-numeric-separator-7.18.6.tgz"
  integrity sha512-ozlZFogPqoLm8WBr5Z8UckIoE4YQ5KESVcNudyXOR8uqIkliTEgJ3RoketfG6pmzLdeZF0H/wjE9/cCEitBl7Q==
  dependencies:
    "@babel/helper-plugin-utils" "^7.18.6"
    "@babel/plugin-syntax-numeric-separator" "^7.10.4"

"@babel/plugin-proposal-object-rest-spread@^7.18.6":
  version "7.18.6"
  resolved "https://registry.npmjs.org/@babel/plugin-proposal-object-rest-spread/-/plugin-proposal-object-rest-spread-7.18.6.tgz"
  integrity sha512-9yuM6wr4rIsKa1wlUAbZEazkCrgw2sMPEXCr4Rnwetu7cEW1NydkCWytLuYletbf8vFxdJxFhwEZqMpOx2eZyw==
  dependencies:
    "@babel/compat-data" "^7.18.6"
    "@babel/helper-compilation-targets" "^7.18.6"
    "@babel/helper-plugin-utils" "^7.18.6"
    "@babel/plugin-syntax-object-rest-spread" "^7.8.3"